
Microsoft Visual Studio Solution File, Format Version 12.00
Project("{FAE04EC0-301F-11D3-BF4B-00C04F79EFBC}") = "Projet6", "Projet6\Projet6.csproj", "{0F9EF48F-72FB-46D4-802E-064670279FBE}"
EndProject
Global
	GlobalSection(SolutionConfigurationPlatforms) = preSolution
		Debug|Any CPU = Debug|Any CPU
		Release|Any CPU = Release|Any CPU
	EndGlobalSection
	GlobalSection(ProjectConfigurationPlatforms) = postSolution
		{0F9EF48F-72FB-46D4-802E-064670279FBE}.Debug|Any CPU.ActiveCfg = Debug|Any CPU
		{0F9EF48F-72FB-46D4-802E-064670279FBE}.Debug|Any CPU.Build.0 = Debug|Any CPU
		{0F9EF48F-72FB-46D4-802E-064670279FBE}.Release|Any CPU.ActiveCfg = Release|Any CPU
		{0F9EF48F-72FB-46D4-802E-064670279FBE}.Release|Any CPU.Build.0 = Release|Any CPU
	EndGlobalSection
EndGlobal
